
Microsoft Visual Studio Solution File, Format Version 12.00
# Visual Studio Version 16
VisualStudioVersion = 16.0.33027.164
MinimumVisualStudioVersion = 10.0.40219.1
Project("{FAE04EC0-301F-11D3-BF4B-00C04F79EFBC}") = "Singleton Design Pattern", "Singleton Design Pattern\Singleton Design Pattern.csproj", "{040DCE4B-DC60-4854-8038-06A1F156E5FC}"
EndProject
Global
	GlobalSection(SolutionConfigurationPlatforms) = preSolution
		Debug|Any CPU = Debug|Any CPU
		Release|Any CPU = Release|Any CPU
	EndGlobalSection
	GlobalSection(ProjectConfigurationPlatforms) = postSolution
		{040DCE4B-DC60-4854-8038-06A1F156E5FC}.Debug|Any CPU.ActiveCfg = Debug|Any CPU
		{040DCE4B-DC60-4854-8038-06A1F156E5FC}.Debug|Any CPU.Build.0 = Debug|Any CPU
		{040DCE4B-DC60-4854-8038-06A1F156E5FC}.Release|Any CPU.ActiveCfg = Release|Any CPU
		{040DCE4B-DC60-4854-8038-06A1F156E5FC}.Release|Any CPU.Build.0 = Release|Any CPU
	EndGlobalSection
	GlobalSection(SolutionProperties) = preSolution
		HideSolutionNode = FALSE
	EndGlobalSection
	GlobalSection(ExtensibilityGlobals) = postSolution
		SolutionGuid = {FD864ADF-A621-4EF6-830E-2505A25768BA}
	EndGlobalSection
EndGlobal
